
Microsoft Visual Studio Solution File, Format Version 12.00
# Visual Studio 14
VisualStudioVersion = 14.0.25420.1
MinimumVisualStudioVersion = 10.0.40219.1
Project("{FAE04EC0-301F-11D3-BF4B-00C04F79EFBC}") = "LDoc", "LDoc\LDoc.csproj", "{5EAEA9E3-64E1-4D21-A61E-B22734C9512B}"
EndProject
Global
	GlobalSection(SolutionConfigurationPlatforms) = preSolution
		Debug|Any CPU = Debug|Any CPU
		Release|Any CPU = Release|Any CPU
	EndGlobalSection
	GlobalSection(ProjectConfigurationPlatforms) = postSolution
		{5EAEA9E3-64E1-4D21-A61E-B22734C9512B}.Debug|Any CPU.ActiveCfg = Debug|Any CPU
		{5EAEA9E3-64E1-4D21-A61E-B22734C9512B}.Debug|Any CPU.Build.0 = Debug|Any CPU
		{5EAEA9E3-64E1-4D21-A61E-B22734C9512B}.Release|Any CPU.ActiveCfg = Release|Any CPU
		{5EAEA9E3-64E1-4D21-A61E-B22734C9512B}.Release|Any CPU.Build.0 = Release|Any CPU
	EndGlobalSection
	GlobalSection(SolutionProperties) = preSolution
		HideSolutionNode = FALSE
	EndGlobalSection
EndGlobal
